// !$*UTF8*$!
{
	archiveVersion = 1;
	classes = {
	};
	objectVersion = 55;
	objects = {

/* Begin PBXBuildFile section */
		7BB621152888EB6100DCBCB4 /* AppDelegate.swift in Sources */ = {isa = PBXBuildFile; fileRef = 7BB621142888EB6100DCBCB4 /* AppDelegate.swift */; };
		7BB621172888EB6100DCBCB4 /* SceneDelegate.swift in Sources */ = {isa = PBXBuildFile; fileRef = 7BB621162888EB6100DCBCB4 /* SceneDelegate.swift */; };
		7BB621192888EB6100DCBCB4 /* ViewController.swift in Sources */ = {isa = PBXBuildFile; fileRef = 7BB621182888EB6100DCBCB4 /* ViewController.swift */; };
		7BB6211C2888EB6100DCBCB4 /* Main.storyboard in Resources */ = {isa = PBXBuildFile; fileRef = 7BB6211A2888EB6100DCBCB4 /* Main.storyboard */; };
		7BB6211E2888EB6300DCBCB4 /* Assets.xcassets in Resources */ = {isa = PBXBuildFile; fileRef = 7BB6211D2888EB6300DCBCB4 /* Assets.xcassets */; };
		7BB621212888EB6300DCBCB4 /* LaunchScreen.storyboard in Resources */ = {isa = PBXBuildFile; fileRef = 7BB6211F2888EB6300DCBCB4 /* LaunchScreen.storyboard */; };
		7BB6212C2888EB6300DCBCB4 /* SadapayExcerciseTests.swift in Sources */ = {isa = PBXBuildFile; fileRef = 7BB6212B2888EB6300DCBCB4 /* SadapayExcerciseTests.swift */; };
		7BB621362888EB6300DCBCB4 /* SadapayExcerciseUITests.swift in Sources */ = {isa = PBXBuildFile; fileRef = 7BB621352888EB6300DCBCB4 /* SadapayExcerciseUITests.swift */; };
		7BB621382888EB6300DCBCB4 /* SadapayExcerciseUITestsLaunchTests.swift in Sources */ = {isa = PBXBuildFile; fileRef = 7BB621372888EB6300DCBCB4 /* SadapayExcerciseUITestsLaunchTests.swift */; };
/* End PBXBuildFile section */

/* Begin PBXContainerItemProxy section */
		7BB621282888EB6300DCBCB4 /* PBXContainerItemProxy */ = {
			isa = PBXContainerItemProxy;
			containerPortal = 7BB621092888EB6000DCBCB4 /* Project object */;
			proxyType = 1;
			remoteGlobalIDString = 7BB621102888EB6100DCBCB4;
			remoteInfo = SadapayExcercise;
		};
		7BB621322888EB6300DCBCB4 /* PBXContainerItemProxy */ = {
			isa = PBXContainerItemProxy;
			containerPortal = 7BB621092888EB6000DCBCB4 /* Project object */;
			proxyType = 1;
			remoteGlobalIDString = 7BB621102888EB6100DCBCB4;
			remoteInfo = SadapayExcercise;
		};
/* End PBXContainerItemProxy section */

/* Begin PBXFileReference section */
		7BB621112888EB6100DCBCB4 /* SadapayExcercise.app */ = {isa = PBXFileReference; explicitFileType = wrapper.application; includeInIndex = 0; path = SadapayExcercise.app; sourceTree = BUILT_PRODUCTS_DIR; };
		7BB621142888EB6100DCBCB4 /* AppDelegate.swift */ = {isa = PBXFileReference; lastKnownFileType = sourcecode.swift; path = AppDelegate.swift; sourceTree = "<group>"; };
		7BB621162888EB6100DCBCB4 /* SceneDelegate.swift */ = {isa = PBXFileReference; lastKnownFileType = sourcecode.swift; path = SceneDelegate.swift; sourceTree = "<group>"; };
		7BB621182888EB6100DCBCB4 /* ViewController.swift */ = {isa = PBXFileReference; lastKnownFileType = sourcecode.swift; path = ViewController.swift; sourceTree = "<group>"; };
		7BB6211B2888EB6100DCBCB4 /* Base */ = {isa = PBXFileReference; lastKnownFileType = file.storyboard; name = Base; path = Base.lproj/Main.storyboard; sourceTree = "<group>"; };
		7BB6211D2888EB6300DCBCB4 /* Assets.xcassets */ = {isa = PBXFileReference; lastKnownFileType = folder.assetcatalog; path = Assets.xcassets; sourceTree = "<group>"; };
		7BB621202888EB6300DCBCB4 /* Base */ = {isa = PBXFileReference; lastKnownFileType = file.storyboard; name = Base; path = Base.lproj/LaunchScreen.storyboard; sourceTree = "<group>"; };
		7BB621222888EB6300DCBCB4 /* Info.plist */ = {isa = PBXFileReference; lastKnownFileType = text.plist.xml; path = Info.plist; sourceTree = "<group>"; };
		7BB621272888EB6300DCBCB4 /* SadapayExcerciseTests.xctest */ = {isa = PBXFileReference; explicitFileType = wrapper.cfbundle; includeInIndex = 0; path = SadapayExcerciseTests.xctest; sourceTree = BUILT_PRODUCTS_DIR; };
		7BB6212B2888EB6300DCBCB4 /* SadapayExcerciseTests.swift */ = {isa = PBXFileReference; lastKnownFileType = sourcecode.swift; path = SadapayExcerciseTests.swift; sourceTree = "<group>"; };
		7BB621312888EB6300DCBCB4 /* SadapayExcerciseUITests.xctest */ = {isa = PBXFileReference; explicitFileType = wrapper.cfbundle; includeInIndex = 0; path = SadapayExcerciseUITests.xctest; sourceTree = BUILT_PRODUCTS_DIR; };
		7BB621352888EB6300DCBCB4 /* SadapayExcerciseUITests.swift */ = {isa = PBXFileReference; lastKnownFileType = sourcecode.swift; path = SadapayExcerciseUITests.swift; sourceTree = "<group>"; };
		7BB621372888EB6300DCBCB4 /* SadapayExcerciseUITestsLaunchTests.swift */ = {isa = PBXFileReference; lastKnownFileType = sourcecode.swift; path = SadapayExcerciseUITestsLaunchTests.swift; sourceTree = "<group>"; };
/* End PBXFileReference section */

/* Begin PBXFrameworksBuildPhase section */
		7BB6210E2888EB6100DCBCB4 /* Frameworks */ = {
			isa = PBXFrameworksBuildPhase;
			buildActionMask = 2147483647;
			files = (
			);
			runOnlyForDeploymentPostprocessing = 0;
		};
		7BB621242888EB6300DCBCB4 /* Frameworks */ = {
			isa = PBXFrameworksBuildPhase;
			buildActionMask = 2147483647;
			files = (
			);
			runOnlyForDeploymentPostprocessing = 0;
		};
		7BB6212E2888EB6300DCBCB4 /* Frameworks */ = {
			isa = PBXFrameworksBuildPhase;
			buildActionMask = 2147483647;
			files = (
			);
			runOnlyForDeploymentPostprocessing = 0;
		};
/* End PBXFrameworksBuildPhase section */

/* Begin PBXGroup section */
		7BB621082888EB6000DCBCB4 = {
			isa = PBXGroup;
			children = (
				7BB621132888EB6100DCBCB4 /* SadapayExcercise */,
				7BB6212A2888EB6300DCBCB4 /* SadapayExcerciseTests */,
				7BB621342888EB6300DCBCB4 /* SadapayExcerciseUITests */,
				7BB621122888EB6100DCBCB4 /* Products */,
			);
			sourceTree = "<group>";
		};
		7BB621122888EB6100DCBCB4 /* Products */ = {
			isa = PBXGroup;
			children = (
				7BB621112888EB6100DCBCB4 /* SadapayExcercise.app */,
				7BB621272888EB6300DCBCB4 /* SadapayExcerciseTests.xctest */,
				7BB621312888EB6300DCBCB4 /* SadapayExcerciseUITests.xctest */,
			);
			name = Products;
			sourceTree = "<group>";
		};
		7BB621132888EB6100DCBCB4 /* SadapayExcercise */ = {
			isa = PBXGroup;
			children = (
				7BB621142888EB6100DCBCB4 /* AppDelegate.swift */,
				7BB621162888EB6100DCBCB4 /* SceneDelegate.swift */,
				7BB621182888EB6100DCBCB4 /* ViewController.swift */,
				7BB6211A2888EB6100DCBCB4 /* Main.storyboard */,
				7BB6211D2888EB6300DCBCB4 /* Assets.xcassets */,
				7BB6211F2888EB6300DCBCB4 /* LaunchScreen.storyboard */,
				7BB621222888EB6300DCBCB4 /* Info.plist */,
			);
			path = SadapayExcercise;
			sourceTree = "<group>";
		};
		7BB6212A2888EB6300DCBCB4 /* SadapayExcerciseTests */ = {
			isa = PBXGroup;
			children = (
				7BB6212B2888EB6300DCBCB4 /* SadapayExcerciseTests.swift */,
			);
			path = SadapayExcerciseTests;
			sourceTree = "<group>";
		};
		7BB621342888EB6300DCBCB4 /* SadapayExcerciseUITests */ = {
			isa = PBXGroup;
			children = (
				7BB621352888EB6300DCBCB4 /* SadapayExcerciseUITests.swift */,
				7BB621372888EB6300DCBCB4 /* SadapayExcerciseUITestsLaunchTests.swift */,
			);
			path = SadapayExcerciseUITests;
			sourceTree = "<group>";
		};
/* End PBXGroup section */

/* Begin PBXNativeTarget section */
		7BB621102888EB6100DCBCB4 /* SadapayExcercise */ = {
			isa = PBXNativeTarget;
			buildConfigurationList = 7BB6213B2888EB6300DCBCB4 /* Build configuration list for PBXNativeTarget "SadapayExcercise" */;
			buildPhases = (
				7BB6210D2888EB6100DCBCB4 /* Sources */,
				7BB6210E2888EB6100DCBCB4 /* Frameworks */,
				7BB6210F2888EB6100DCBCB4 /* Resources */,
			);
			buildRules = (
			);
			dependencies = (
			);
			name = SadapayExcercise;
			productName = SadapayExcercise;
			productReference = 7BB621112888EB6100DCBCB4 /* SadapayExcercise.app */;
			productType = "com.apple.product-type.application";
		};
		7BB621262888EB6300DCBCB4 /* SadapayExcerciseTests */ = {
			isa = PBXNativeTarget;
			buildConfigurationList = 7BB6213E2888EB6300DCBCB4 /* Build configuration list for PBXNativeTarget "SadapayExcerciseTests" */;
			buildPhases = (
				7BB621232888EB6300DCBCB4 /* Sources */,
				7BB621242888EB6300DCBCB4 /* Frameworks */,
				7BB621252888EB6300DCBCB4 /* Resources */,
			);
			buildRules = (
			);
			dependencies = (
				7BB621292888EB6300DCBCB4 /* PBXTargetDependency */,
			);
			name = SadapayExcerciseTests;
			productName = SadapayExcerciseTests;
			productReference = 7BB621272888EB6300DCBCB4 /* SadapayExcerciseTests.xctest */;
			productType = "com.apple.product-type.bundle.unit-test";
		};
		7BB621302888EB6300DCBCB4 /* SadapayExcerciseUITests */ = {
			isa = PBXNativeTarget;
			buildConfigurationList = 7BB621412888EB6300DCBCB4 /* Build configuration list for PBXNativeTarget "SadapayExcerciseUITests" */;
			buildPhases = (
				7BB6212D2888EB6300DCBCB4 /* Sources */,
				7BB6212E2888EB6300DCBCB4 /* Frameworks */,
				7BB6212F2888EB6300DCBCB4 /* Resources */,
			);
			buildRules = (
			);
			dependencies = (
				7BB621332888EB6300DCBCB4 /* PBXTargetDependency */,
			);
			name = SadapayExcerciseUITests;
			productName = SadapayExcerciseUITests;
			productReference = 7BB621312888EB6300DCBCB4 /* SadapayExcerciseUITests.xctest */;
			productType = "com.apple.product-type.bundle.ui-testing";
		};
/* End PBXNativeTarget section */

/* Begin PBXProject section */
		7BB621092888EB6000DCBCB4 /* Project object */ = {
			isa = PBXProject;
			attributes = {
				BuildIndependentTargetsInParallel = 1;
				LastSwiftUpdateCheck = 1330;
				LastUpgradeCheck = 1330;
				TargetAttributes = {
					7BB621102888EB6100DCBCB4 = {
						CreatedOnToolsVersion = 13.3.1;
					};
					7BB621262888EB6300DCBCB4 = {
						CreatedOnToolsVersion = 13.3.1;
						TestTargetID = 7BB621102888EB6100DCBCB4;
					};
					7BB621302888EB6300DCBCB4 = {
						CreatedOnToolsVersion = 13.3.1;
						TestTargetID = 7BB621102888EB6100DCBCB4;
					};
				};
			};
			buildConfigurationList = 7BB6210C2888EB6000DCBCB4 /* Build configuration list for PBXProject "SadapayExcercise" */;
			compatibilityVersion = "Xcode 13.0";
			developmentRegion = en;
			hasScannedForEncodings = 0;
			knownRegions = (
				en,
				Base,
			);
			mainGroup = 7BB621082888EB6000DCBCB4;
			productRefGroup = 7BB621122888EB6100DCBCB4 /* Products */;
			projectDirPath = "";
			projectRoot = "";
			targets = (
				7BB621102888EB6100DCBCB4 /* SadapayExcercise */,
				7BB621262888EB6300DCBCB4 /* SadapayExcerciseTests */,
				7BB621302888EB6300DCBCB4 /* SadapayExcerciseUITests */,
			);
		};
/* End PBXProject section */

/* Begin PBXResourcesBuildPhase section */
		7BB6210F2888EB6100DCBCB4 /* Resources */ = {
			isa = PBXResourcesBuildPhase;
			buildActionMask = 2147483647;
			files = (
				7BB621212888EB6300DCBCB4 /* LaunchScreen.storyboard in Resources */,
				7BB6211E2888EB6300DCBCB4 /* Assets.xcassets in Resources */,
				7BB6211C2888EB6100DCBCB4 /* Main.storyboard in Resources */,
			);
			runOnlyForDeploymentPostprocessing = 0;
		};
		7BB621252888EB6300DCBCB4 /* Resources */ = {
			isa = PBXResourcesBuildPhase;
			buildActionMask = 2147483647;
			files = (
			);
			runOnlyForDeploymentPostprocessing = 0;
		};
		7BB6212F2888EB6300DCBCB4 /* Resources */ = {
			isa = PBXResourcesBuildPhase;
			buildActionMask = 2147483647;
			files = (
			);
			runOnlyForDeploymentPostprocessing = 0;
		};
/* End PBXResourcesBuildPhase section */

/* Begin PBXSourcesBuildPhase section */
		7BB6210D2888EB6100DCBCB4 /* Sources */ = {
			isa = PBXSourcesBuildPhase;
			buildActionMask = 2147483647;
			files = (
				7BB621192888EB6100DCBCB4 /* ViewController.swift in Sources */,
				7BB621152888EB6100DCBCB4 /* AppDelegate.swift in Sources */,
				7BB621172888EB6100DCBCB4 /* SceneDelegate.swift in Sources */,
			);
			runOnlyForDeploymentPostprocessing = 0;
		};
		7BB621232888EB6300DCBCB4 /* Sources */ = {
			isa = PBXSourcesBuildPhase;
			buildActionMask = 2147483647;
			files = (
				7BB6212C2888EB6300DCBCB4 /* SadapayExcerciseTests.swift in Sources */,
			);
			runOnlyForDeploymentPostprocessing = 0;
		};
		7BB6212D2888EB6300DCBCB4 /* Sources */ = {
			isa = PBXSourcesBuildPhase;
			buildActionMask = 2147483647;
			files = (
				7BB621382888EB6300DCBCB4 /* SadapayExcerciseUITestsLaunchTests.swift in Sources */,
				7BB621362888EB6300DCBCB4 /* SadapayExcerciseUITests.swift in Sources */,
			);
			runOnlyForDeploymentPostprocessing = 0;
		};
/* End PBXSourcesBuildPhase section */

/* Begin PBXTargetDependency section */
		7BB621292888EB6300DCBCB4 /* PBXTargetDependency */ = {
			isa = PBXTargetDependency;
			target = 7BB621102888EB6100DCBCB4 /* SadapayExcercise */;
			targetProxy = 7BB621282888EB6300DCBCB4 /* PBXContainerItemProxy */;
		};
		7BB621332888EB6300DCBCB4 /* PBXTargetDependency */ = {
			isa = PBXTargetDependency;
			target = 7BB621102888EB6100DCBCB4 /* SadapayExcercise */;
			targetProxy = 7BB621322888EB6300DCBCB4 /* PBXContainerItemProxy */;
		};
/* End PBXTargetDependency section */

/* Begin PBXVariantGroup section */
		7BB6211A2888EB6100DCBCB4 /* Main.storyboard */ = {
			isa = PBXVariantGroup;
			children = (
				7BB6211B2888EB6100DCBCB4 /* Base */,
			);
			name = Main.storyboard;
			sourceTree = "<group>";
		};
		7BB6211F2888EB6300DCBCB4 /* LaunchScreen.storyboard */ = {
			isa = PBXVariantGroup;
			children = (
				7BB621202888EB6300DCBCB4 /* Base */,
			);
			name = LaunchScreen.storyboard;
			sourceTree = "<group>";
		};
/* End PBXVariantGroup section */

/* Begin XCBuildConfiguration section */
		7BB621392888EB6300DCBCB4 /* Debug */ = {
			isa = XCBuildConfiguration;
			buildSettings = {
				ALWAYS_SEARCH_USER_PATHS = NO;
				CLANG_ANALYZER_NONNULL = YES;
				CLANG_ANALYZER_NUMBER_OBJECT_CONVERSION = YES_AGGRESSIVE;
				CLANG_CXX_LANGUAGE_STANDARD = "gnu++17";
				CLANG_ENABLE_MODULES = YES;
				CLANG_ENABLE_OBJC_ARC = YES;
				CLANG_ENABLE_OBJC_WEAK = YES;
				CLANG_WARN_BLOCK_CAPTURE_AUTORELEASING = YES;
				CLANG_WARN_BOOL_CONVERSION = YES;
				CLANG_WARN_COMMA = YES;
				CLANG_WARN_CONSTANT_CONVERSION = YES;
				CLANG_WARN_DEPRECATED_OBJC_IMPLEMENTATIONS = YES;
				CLANG_WARN_DIRECT_OBJC_ISA_USAGE = YES_ERROR;
				CLANG_WARN_DOCUMENTATION_COMMENTS = YES;
				CLANG_WARN_EMPTY_BODY = YES;
				CLANG_WARN_ENUM_CONVERSION = YES;
				CLANG_WARN_INFINITE_RECURSION = YES;
				CLANG_WARN_INT_CONVERSION = YES;
				CLANG_WARN_NON_LITERAL_NULL_CONVERSION = YES;
				CLANG_WARN_OBJC_IMPLICIT_RETAIN_SELF = YES;
				CLANG_WARN_OBJC_LITERAL_CONVERSION = YES;
				CLANG_WARN_OBJC_ROOT_CLASS = YES_ERROR;
				CLANG_WARN_QUOTED_INCLUDE_IN_FRAMEWORK_HEADER = YES;
				CLANG_WARN_RANGE_LOOP_ANALYSIS = YES;
				CLANG_WARN_STRICT_PROTOTYPES = YES;
				CLANG_WARN_SUSPICIOUS_MOVE = YES;
				CLANG_WARN_UNGUARDED_AVAILABILITY = YES_AGGRESSIVE;
				CLANG_WARN_UNREACHABLE_CODE = YES;
				CLANG_WARN__DUPLICATE_METHOD_MATCH = YES;
				COPY_PHASE_STRIP = NO;
				DEBUG_INFORMATION_FORMAT = dwarf;
				ENABLE_STRICT_OBJC_MSGSEND = YES;
				ENABLE_TESTABILITY = YES;
				GCC_C_LANGUAGE_STANDARD = gnu11;
				GCC_DYNAMIC_NO_PIC = NO;
				GCC_NO_COMMON_BLOCKS = YES;
				GCC_OPTIMIZATION_LEVEL = 0;
				GCC_PREPROCESSOR_DEFINITIONS = (
					"DEBUG=1",
					"$(inherited)",
				);
				GCC_WARN_64_TO_32_BIT_CONVERSION = YES;
				GCC_WARN_ABOUT_RETURN_TYPE = YES_ERROR;
				GCC_WARN_UNDECLARED_SELECTOR = YES;
				GCC_WARN_UNINITIALIZED_AUTOS = YES_AGGRESSIVE;
				GCC_WARN_UNUSED_FUNCTION = YES;
				GCC_WARN_UNUSED_VARIABLE = YES;
				IPHONEOS_DEPLOYMENT_TARGET = 15.4;
				MTL_ENABLE_DEBUG_INFO = INCLUDE_SOURCE;
				MTL_FAST_MATH = YES;
				ONLY_ACTIVE_ARCH = YES;
				SDKROOT = iphoneos;
				SWIFT_ACTIVE_COMPILATION_CONDITIONS = DEBUG;
				SWIFT_OPTIMIZATION_LEVEL = "-Onone";
			};
			name = Debug;
		};
		7BB6213A2888EB6300DCBCB4 /* Release */ = {
			isa = XCBuildConfiguration;
			buildSettings = {
				ALWAYS_SEARCH_USER_PATHS = NO;
				CLANG_ANALYZER_NONNULL = YES;
				CLANG_ANALYZER_NUMBER_OBJECT_CONVERSION = YES_AGGRESSIVE;
				CLANG_CXX_LANGUAGE_STANDARD = "gnu++17";
				CLANG_ENABLE_MODULES = YES;
				CLANG_ENABLE_OBJC_ARC = YES;
				CLANG_ENABLE_OBJC_WEAK = YES;
				CLANG_WARN_BLOCK_CAPTURE_AUTORELEASING = YES;
				CLANG_WARN_BOOL_CONVERSION = YES;
				CLANG_WARN_COMMA = YES;
				CLANG_WARN_CONSTANT_CONVERSION = YES;
				CLANG_WARN_DEPRECATED_OBJC_IMPLEMENTATIONS = YES;
				CLANG_WARN_DIRECT_OBJC_ISA_USAGE = YES_ERROR;
				CLANG_WARN_DOCUMENTATION_COMMENTS = YES;
				CLANG_WARN_EMPTY_BODY = YES;
				CLANG_WARN_ENUM_CONVERSION = YES;
				CLANG_WARN_INFINITE_RECURSION = YES;
				CLANG_WARN_INT_CONVERSION = YES;
				CLANG_WARN_NON_LITERAL_NULL_CONVERSION = YES;
				CLANG_WARN_OBJC_IMPLICIT_RETAIN_SELF = YES;
				CLANG_WARN_OBJC_LITERAL_CONVERSION = YES;
				CLANG_WARN_OBJC_ROOT_CLASS = YES_ERROR;
				CLANG_WARN_QUOTED_INCLUDE_IN_FRAMEWORK_HEADER = YES;
				CLANG_WARN_RANGE_LOOP_ANALYSIS = YES;
				CLANG_WARN_STRICT_PROTOTYPES = YES;
				CLANG_WARN_SUSPICIOUS_MOVE = YES;
				CLANG_WARN_UNGUARDED_AVAILABILITY = YES_AGGRESSIVE;
				CLANG_WARN_UNREACHABLE_CODE = YES;
				CLANG_WARN__DUPLICATE_METHOD_MATCH = YES;
				COPY_PHASE_STRIP = NO;
				DEBUG_INFORMATION_FORMAT = "dwarf-with-dsym";
				ENABLE_NS_ASSERTIONS = NO;
				ENABLE_STRICT_OBJC_MSGSEND = YES;
				GCC_C_LANGUAGE_STANDARD = gnu11;
				GCC_NO_COMMON_BLOCKS = YES;
				GCC_WARN_64_TO_32_BIT_CONVERSION = YES;
				GCC_WARN_ABOUT_RETURN_TYPE = YES_ERROR;
				GCC_WARN_UNDECLARED_SELECTOR = YES;
				GCC_WARN_UNINITIALIZED_AUTOS = YES_AGGRESSIVE;
				GCC_WARN_UNUSED_FUNCTION = YES;
				GCC_WARN_UNUSED_VARIABLE = YES;
				IPHONEOS_DEPLOYMENT_TARGET = 15.4;
				MTL_ENABLE_DEBUG_INFO = NO;
				MTL_FAST_MATH = YES;
				SDKROOT = iphoneos;
				SWIFT_COMPILATION_MODE = wholemodule;
				SWIFT_OPTIMIZATION_LEVEL = "-O";
				VALIDATE_PRODUCT = YES;
			};
			name = Release;
		};
		7BB6213C2888EB6300DCBCB4 /* Debug */ = {
			isa = XCBuildConfiguration;
			buildSettings = {
				ASSETCATALOG_COMPILER_APPICON_NAME = AppIcon;
				ASSETCATALOG_COMPILER_GLOBAL_ACCENT_COLOR_NAME = AccentColor;
				CODE_SIGN_STYLE = Automatic;
				CURRENT_PROJECT_VERSION = 1;
				DEVELOPMENT_TEAM = 5K66GTNJ69;
				GENERATE_INFOPLIST_FILE = YES;
				INFOPLIST_FILE = SadapayExcercise/Info.plist;
				INFOPLIST_KEY_UIApplicationSupportsIndirectInputEvents = YES;
				INFOPLIST_KEY_UILaunchStoryboardName = LaunchScreen;
				INFOPLIST_KEY_UIMainStoryboardFile = Main;
				INFOPLIST_KEY_UISupportedInterfaceOrientations_iPad = "UIInterfaceOrientationPortrait UIInterfaceOrientationPortraitUpsideDown UIInterfaceOrientationLandscapeLeft UIInterfaceOrientationLandscapeRight";
				INFOPLIST_KEY_UISupportedInterfaceOrientations_iPhone = "UIInterfaceOrientationPortrait UIInterfaceOrientationLandscapeLeft UIInterfaceOrientationLandscapeRight";
				LD_RUNPATH_SEARCH_PATHS = (
					"$(inherited)",
					"@executable_path/Frameworks",
				);
				MARKETING_VERSION = 1.0;
				PRODUCT_BUNDLE_IDENTIFIER = com.ahmer.SadapayExcercise;
				PRODUCT_NAME = "$(TARGET_NAME)";
				SWIFT_EMIT_LOC_STRINGS = YES;
				SWIFT_VERSION = 5.0;
				TARGETED_DEVICE_FAMILY = "1,2";
			};
			name = Debug;
		};
		7BB6213D2888EB6300DCBCB4 /* Release */ = {
			isa = XCBuildConfiguration;
			buildSettings = {
				ASSETCATALOG_COMPILER_APPICON_NAME = AppIcon;
				ASSETCATALOG_COMPILER_GLOBAL_ACCENT_COLOR_NAME = AccentColor;
				CODE_SIGN_STYLE = Automatic;
				CURRENT_PROJECT_VERSION = 1;
				DEVELOPMENT_TEAM = 5K66GTNJ69;
				GENERATE_INFOPLIST_FILE = YES;
				INFOPLIST_FILE = SadapayExcercise/Info.plist;
				INFOPLIST_KEY_UIApplicationSupportsIndirectInputEvents = YES;
				INFOPLIST_KEY_UILaunchStoryboardName = LaunchScreen;
				INFOPLIST_KEY_UIMainStoryboardFile = Main;
				INFOPLIST_KEY_UISupportedInterfaceOrientations_iPad = "UIInterfaceOrientationPortrait UIInterfaceOrientationPortraitUpsideDown UIInterfaceOrientationLandscapeLeft UIInterfaceOrientationLandscapeRight";
				INFOPLIST_KEY_UISupportedInterfaceOrientations_iPhone = "UIInterfaceOrientationPortrait UIInterfaceOrientationLandscapeLeft UIInterfaceOrientationLandscapeRight";
				LD_RUNPATH_SEARCH_PATHS = (
					"$(inherited)",
					"@executable_path/Frameworks",
				);
				MARKETING_VERSION = 1.0;
				PRODUCT_BUNDLE_IDENTIFIER = com.ahmer.SadapayExcercise;
				PRODUCT_NAME = "$(TARGET_NAME)";
				SWIFT_EMIT_LOC_STRINGS = YES;
				SWIFT_VERSION = 5.0;
				TARGETED_DEVICE_FAMILY = "1,2";
			};
			name = Release;
		};
		7BB6213F2888EB6300DCBCB4 /* Debug */ = {
			isa = XCBuildConfiguration;
			buildSettings = {
				ALWAYS_EMBED_SWIFT_STANDARD_LIBRARIES = YES;
				BUNDLE_LOADER = "$(TEST_HOST)";
				CODE_SIGN_STYLE = Automatic;
				CURRENT_PROJECT_VERSION = 1;
				DEVELOPMENT_TEAM = 5K66GTNJ69;
				GENERATE_INFOPLIST_FILE = YES;
				IPHONEOS_DEPLOYMENT_TARGET = 15.4;
				MARKETING_VERSION = 1.0;
				PRODUCT_BUNDLE_IDENTIFIER = com.ahmer.SadapayExcerciseTests;
				PRODUCT_NAME = "$(TARGET_NAME)";
				SWIFT_EMIT_LOC_STRINGS = NO;
				SWIFT_VERSION = 5.0;
				TARGETED_DEVICE_FAMILY = "1,2";
				TEST_HOST = "$(BUILT_PRODUCTS_DIR)/SadapayExcercise.app/SadapayExcercise";
			};
			name = Debug;
		};
		7BB621402888EB6300DCBCB4 /* Release */ = {
			isa = XCBuildConfiguration;
			buildSettings = {
				ALWAYS_EMBED_SWIFT_STANDARD_LIBRARIES = YES;
				BUNDLE_LOADER = "$(TEST_HOST)";
				CODE_SIGN_STYLE = Automatic;
				CURRENT_PROJECT_VERSION = 1;
				DEVELOPMENT_TEAM = 5K66GTNJ69;
				GENERATE_INFOPLIST_FILE = YES;
				IPHONEOS_DEPLOYMENT_TARGET = 15.4;
				MARKETING_VERSION = 1.0;
				PRODUCT_BUNDLE_IDENTIFIER = com.ahmer.SadapayExcerciseTests;
				PRODUCT_NAME = "$(TARGET_NAME)";
				SWIFT_EMIT_LOC_STRINGS = NO;
				SWIFT_VERSION = 5.0;
				TARGETED_DEVICE_FAMILY = "1,2";
				TEST_HOST = "$(BUILT_PRODUCTS_DIR)/SadapayExcercise.app/SadapayExcercise";
			};
			name = Release;
		};
		7BB621422888EB6300DCBCB4 /* Debug */ = {
			isa = XCBuildConfiguration;
			buildSettings = {
				ALWAYS_EMBED_SWIFT_STANDARD_LIBRARIES = YES;
				CODE_SIGN_STYLE = Automatic;
				CURRENT_PROJECT_VERSION = 1;
				DEVELOPMENT_TEAM = 5K66GTNJ69;
				GENERATE_INFOPLIST_FILE = YES;
				MARKETING_VERSION = 1.0;
				PRODUCT_BUNDLE_IDENTIFIER = com.ahmer.SadapayExcerciseUITests;
				PRODUCT_NAME = "$(TARGET_NAME)";
				SWIFT_EMIT_LOC_STRINGS = NO;
				SWIFT_VERSION = 5.0;
				TARGETED_DEVICE_FAMILY = "1,2";
				TEST_TARGET_NAME = SadapayExcercise;
			};
			name = Debug;
		};
		7BB621432888EB6300DCBCB4 /* Release */ = {
			isa = XCBuildConfiguration;
			buildSettings = {
				ALWAYS_EMBED_SWIFT_STANDARD_LIBRARIES = YES;
				CODE_SIGN_STYLE = Automatic;
				CURRENT_PROJECT_VERSION = 1;
				DEVELOPMENT_TEAM = 5K66GTNJ69;
				GENERATE_INFOPLIST_FILE = YES;
				MARKETING_VERSION = 1.0;
				PRODUCT_BUNDLE_IDENTIFIER = com.ahmer.SadapayExcerciseUITests;
				PRODUCT_NAME = "$(TARGET_NAME)";
				SWIFT_EMIT_LOC_STRINGS = NO;
				SWIFT_VERSION = 5.0;
				TARGETED_DEVICE_FAMILY = "1,2";
				TEST_TARGET_NAME = SadapayExcercise;
			};
			name = Release;
		};
/* End XCBuildConfiguration section */

/* Begin XCConfigurationList section */
		7BB6210C2888EB6000DCBCB4 /* Build configuration list for PBXProject "SadapayExcercise" */ = {
			isa = XCConfigurationList;
			buildConfigurations = (
				7BB621392888EB6300DCBCB4 /* Debug */,
				7BB6213A2888EB6300DCBCB4 /* Release */,
			);
			defaultConfigurationIsVisible = 0;
			defaultConfigurationName = Release;
		};
		7BB6213B2888EB6300DCBCB4 /* Build configuration list for PBXNativeTarget "SadapayExcercise" */ = {
			isa = XCConfigurationList;
			buildConfigurations = (
				7BB6213C2888EB6300DCBCB4 /* Debug */,
				7BB6213D2888EB6300DCBCB4 /* Release */,
			);
			defaultConfigurationIsVisible = 0;
			defaultConfigurationName = Release;
		};
		7BB6213E2888EB6300DCBCB4 /* Build configuration list for PBXNativeTarget "SadapayExcerciseTests" */ = {
			isa = XCConfigurationList;
			buildConfigurations = (
				7BB6213F2888EB6300DCBCB4 /* Debug */,
				7BB621402888EB6300DCBCB4 /* Release */,
			);
			defaultConfigurationIsVisible = 0;
			defaultConfigurationName = Release;
		};
		7BB621412888EB6300DCBCB4 /* Build configuration list for PBXNativeTarget "SadapayExcerciseUITests" */ = {
			isa = XCConfigurationList;
			buildConfigurations = (
				7BB621422888EB6300DCBCB4 /* Debug */,
				7BB621432888EB6300DCBCB4 /* Release */,
			);
			defaultConfigurationIsVisible = 0;
			defaultConfigurationName = Release;
		};
/* End XCConfigurationList section */
	};
	rootObject = 7BB621092888EB6000DCBCB4 /* Project object */;
}
